// !$*UTF8*$!
{
	archiveVersion = 1;
	classes = {
	};
	objectVersion = 56;
	objects = {

/* Begin PBXBuildFile section */
		D7973C8F2B90BA8D001EA97E /* main.swift in Sources */ = {isa = PBXBuildFile; fileRef = D7973C8E2B90BA8D001EA97E /* main.swift */; };
		D7973C972B90BACA001EA97E /* Recipe.swift in Sources */ = {isa = PBXBuildFile; fileRef = D7973C962B90BACA001EA97E /* Recipe.swift */; };
		D7973C992B90BAE1001EA97E /* RecipeDataSource.swift in Sources */ = {isa = PBXBuildFile; fileRef = D7973C982B90BAE1001EA97E /* RecipeDataSource.swift */; };
		D7973C9C2B90BFD6001EA97E /* Realm in Frameworks */ = {isa = PBXBuildFile; productRef = D7973C9B2B90BFD6001EA97E /* Realm */; };
		D7973C9E2B90BFD6001EA97E /* RealmSwift in Frameworks */ = {isa = PBXBuildFile; productRef = D7973C9D2B90BFD6001EA97E /* RealmSwift */; };
/* End PBXBuildFile section */

/* Begin PBXCopyFilesBuildPhase section */
		D7973C892B90BA8D001EA97E /* CopyFiles */ = {
			isa = PBXCopyFilesBuildPhase;
			buildActionMask = 2147483647;
			dstPath = /usr/share/man/man1/;
			dstSubfolderSpec = 0;
			files = (
			);
			runOnlyForDeploymentPostprocessing = 1;
		};
/* End PBXCopyFilesBuildPhase section */

/* Begin PBXFileReference section */
		D7973C8B2B90BA8D001EA97E /* GSwNosql */ = {isa = PBXFileReference; explicitFileType = "compiled.mach-o.executable"; includeInIndex = 0; path = GSwNosql; sourceTree = BUILT_PRODUCTS_DIR; };
		D7973C8E2B90BA8D001EA97E /* main.swift */ = {isa = PBXFileReference; lastKnownFileType = sourcecode.swift; path = main.swift; sourceTree = "<group>"; };
		D7973C962B90BACA001EA97E /* Recipe.swift */ = {isa = PBXFileReference; lastKnownFileType = sourcecode.swift; path = Recipe.swift; sourceTree = "<group>"; };
		D7973C982B90BAE1001EA97E /* RecipeDataSource.swift */ = {isa = PBXFileReference; lastKnownFileType = sourcecode.swift; path = RecipeDataSource.swift; sourceTree = "<group>"; };
/* End PBXFileReference section */

/* Begin PBXFrameworksBuildPhase section */
		D7973C882B90BA8D001EA97E /* Frameworks */ = {
			isa = PBXFrameworksBuildPhase;
			buildActionMask = 2147483647;
			files = (
				D7973C9E2B90BFD6001EA97E /* RealmSwift in Frameworks */,
				D7973C9C2B90BFD6001EA97E /* Realm in Frameworks */,
			);
			runOnlyForDeploymentPostprocessing = 0;
		};
/* End PBXFrameworksBuildPhase section */

/* Begin PBXGroup section */
		D7973C822B90BA8D001EA97E = {
			isa = PBXGroup;
			children = (
				D7973C8D2B90BA8D001EA97E /* GSwNosql */,
				D7973C8C2B90BA8D001EA97E /* Products */,
			);
			sourceTree = "<group>";
		};
		D7973C8C2B90BA8D001EA97E /* Products */ = {
			isa = PBXGroup;
			children = (
				D7973C8B2B90BA8D001EA97E /* GSwNosql */,
			);
			name = Products;
			sourceTree = "<group>";
		};
		D7973C8D2B90BA8D001EA97E /* GSwNosql */ = {
			isa = PBXGroup;
			children = (
				D7973C952B90BA94001EA97E /* model */,
				D7973C8E2B90BA8D001EA97E /* main.swift */,
			);
			path = GSwNosql;
			sourceTree = "<group>";
		};
		D7973C952B90BA94001EA97E /* model */ = {
			isa = PBXGroup;
			children = (
				D7973C962B90BACA001EA97E /* Recipe.swift */,
				D7973C982B90BAE1001EA97E /* RecipeDataSource.swift */,
			);
			path = model;
			sourceTree = "<group>";
		};
/* End PBXGroup section */

/* Begin PBXNativeTarget section */
		D7973C8A2B90BA8D001EA97E /* GSwNosql */ = {
			isa = PBXNativeTarget;
			buildConfigurationList = D7973C922B90BA8D001EA97E /* Build configuration list for PBXNativeTarget "GSwNosql" */;
			buildPhases = (
				D7973C872B90BA8D001EA97E /* Sources */,
				D7973C882B90BA8D001EA97E /* Frameworks */,
				D7973C892B90BA8D001EA97E /* CopyFiles */,
			);
			buildRules = (
			);
			dependencies = (
			);
			name = GSwNosql;
			packageProductDependencies = (
				D7973C9B2B90BFD6001EA97E /* Realm */,
				D7973C9D2B90BFD6001EA97E /* RealmSwift */,
			);
			productName = GSwNosql;
			productReference = D7973C8B2B90BA8D001EA97E /* GSwNosql */;
			productType = "com.apple.product-type.tool";
		};
/* End PBXNativeTarget section */

/* Begin PBXProject section */
		D7973C832B90BA8D001EA97E /* Project object */ = {
			isa = PBXProject;
			attributes = {
				BuildIndependentTargetsInParallel = 1;
				LastSwiftUpdateCheck = 1520;
				LastUpgradeCheck = 1520;
				TargetAttributes = {
					D7973C8A2B90BA8D001EA97E = {
						CreatedOnToolsVersion = 15.2;
					};
				};
			};
			buildConfigurationList = D7973C862B90BA8D001EA97E /* Build configuration list for PBXProject "GSwNosql" */;
			compatibilityVersion = "Xcode 14.0";
			developmentRegion = en;
			hasScannedForEncodings = 0;
			knownRegions = (
				en,
				Base,
			);
			mainGroup = D7973C822B90BA8D001EA97E;
			packageReferences = (
				D7973C9A2B90BFD6001EA97E /* XCRemoteSwiftPackageReference "realm-swift" */,
			);
			productRefGroup = D7973C8C2B90BA8D001EA97E /* Products */;
			projectDirPath = "";
			projectRoot = "";
			targets = (
				D7973C8A2B90BA8D001EA97E /* GSwNosql */,
			);
		};
/* End PBXProject section */

/* Begin PBXSourcesBuildPhase section */
		D7973C872B90BA8D001EA97E /* Sources */ = {
			isa = PBXSourcesBuildPhase;
			buildActionMask = 2147483647;
			files = (
				D7973C8F2B90BA8D001EA97E /* main.swift in Sources */,
				D7973C992B90BAE1001EA97E /* RecipeDataSource.swift in Sources */,
				D7973C972B90BACA001EA97E /* Recipe.swift in Sources */,
			);
			runOnlyForDeploymentPostprocessing = 0;
		};
/* End PBXSourcesBuildPhase section */

/* Begin XCBuildConfiguration section */
		D7973C902B90BA8D001EA97E /* Debug */ = {
			isa = XCBuildConfiguration;
			buildSettings = {
				ALWAYS_SEARCH_USER_PATHS = NO;
				ASSETCATALOG_COMPILER_GENERATE_SWIFT_ASSET_SYMBOL_EXTENSIONS = YES;
				CLANG_ANALYZER_NONNULL = YES;
				CLANG_ANALYZER_NUMBER_OBJECT_CONVERSION = YES_AGGRESSIVE;
				CLANG_CXX_LANGUAGE_STANDARD = "gnu++20";
				CLANG_ENABLE_MODULES = YES;
				CLANG_ENABLE_OBJC_ARC = YES;
				CLANG_ENABLE_OBJC_WEAK = YES;
				CLANG_WARN_BLOCK_CAPTURE_AUTORELEASING = YES;
				CLANG_WARN_BOOL_CONVERSION = YES;
				CLANG_WARN_COMMA = YES;
				CLANG_WARN_CONSTANT_CONVERSION = YES;
				CLANG_WARN_DEPRECATED_OBJC_IMPLEMENTATIONS = YES;
				CLANG_WARN_DIRECT_OBJC_ISA_USAGE = YES_ERROR;
				CLANG_WARN_DOCUMENTATION_COMMENTS = YES;
				CLANG_WARN_EMPTY_BODY = YES;
				CLANG_WARN_ENUM_CONVERSION = YES;
				CLANG_WARN_INFINITE_RECURSION = YES;
				CLANG_WARN_INT_CONVERSION = YES;
				CLANG_WARN_NON_LITERAL_NULL_CONVERSION = YES;
				CLANG_WARN_OBJC_IMPLICIT_RETAIN_SELF = YES;
				CLANG_WARN_OBJC_LITERAL_CONVERSION = YES;
				CLANG_WARN_OBJC_ROOT_CLASS = YES_ERROR;
				CLANG_WARN_QUOTED_INCLUDE_IN_FRAMEWORK_HEADER = YES;
				CLANG_WARN_RANGE_LOOP_ANALYSIS = YES;
				CLANG_WARN_STRICT_PROTOTYPES = YES;
				CLANG_WARN_SUSPICIOUS_MOVE = YES;
				CLANG_WARN_UNGUARDED_AVAILABILITY = YES_AGGRESSIVE;
				CLANG_WARN_UNREACHABLE_CODE = YES;
				CLANG_WARN__DUPLICATE_METHOD_MATCH = YES;
				COPY_PHASE_STRIP = NO;
				DEBUG_INFORMATION_FORMAT = dwarf;
				ENABLE_STRICT_OBJC_MSGSEND = YES;
				ENABLE_TESTABILITY = YES;
				ENABLE_USER_SCRIPT_SANDBOXING = YES;
				GCC_C_LANGUAGE_STANDARD = gnu17;
				GCC_DYNAMIC_NO_PIC = NO;
				GCC_NO_COMMON_BLOCKS = YES;
				GCC_OPTIMIZATION_LEVEL = 0;
				GCC_PREPROCESSOR_DEFINITIONS = (
					"DEBUG=1",
					"$(inherited)",
				);
				GCC_WARN_64_TO_32_BIT_CONVERSION = YES;
				GCC_WARN_ABOUT_RETURN_TYPE = YES_ERROR;
				GCC_WARN_UNDECLARED_SELECTOR = YES;
				GCC_WARN_UNINITIALIZED_AUTOS = YES_AGGRESSIVE;
				GCC_WARN_UNUSED_FUNCTION = YES;
				GCC_WARN_UNUSED_VARIABLE = YES;
				LOCALIZATION_PREFERS_STRING_CATALOGS = YES;
				MACOSX_DEPLOYMENT_TARGET = 14.2;
				MTL_ENABLE_DEBUG_INFO = INCLUDE_SOURCE;
				MTL_FAST_MATH = YES;
				ONLY_ACTIVE_ARCH = YES;
				SDKROOT = macosx;
				SWIFT_ACTIVE_COMPILATION_CONDITIONS = "DEBUG $(inherited)";
				SWIFT_OPTIMIZATION_LEVEL = "-Onone";
			};
			name = Debug;
		};
		D7973C912B90BA8D001EA97E /* Release */ = {
			isa = XCBuildConfiguration;
			buildSettings = {
				ALWAYS_SEARCH_USER_PATHS = NO;
				ASSETCATALOG_COMPILER_GENERATE_SWIFT_ASSET_SYMBOL_EXTENSIONS = YES;
				CLANG_ANALYZER_NONNULL = YES;
				CLANG_ANALYZER_NUMBER_OBJECT_CONVERSION = YES_AGGRESSIVE;
				CLANG_CXX_LANGUAGE_STANDARD = "gnu++20";
				CLANG_ENABLE_MODULES = YES;
				CLANG_ENABLE_OBJC_ARC = YES;
				CLANG_ENABLE_OBJC_WEAK = YES;
				CLANG_WARN_BLOCK_CAPTURE_AUTORELEASING = YES;
				CLANG_WARN_BOOL_CONVERSION = YES;
				CLANG_WARN_COMMA = YES;
				CLANG_WARN_CONSTANT_CONVERSION = YES;
				CLANG_WARN_DEPRECATED_OBJC_IMPLEMENTATIONS = YES;
				CLANG_WARN_DIRECT_OBJC_ISA_USAGE = YES_ERROR;
				CLANG_WARN_DOCUMENTATION_COMMENTS = YES;
				CLANG_WARN_EMPTY_BODY = YES;
				CLANG_WARN_ENUM_CONVERSION = YES;
				CLANG_WARN_INFINITE_RECURSION = YES;
				CLANG_WARN_INT_CONVERSION = YES;
				CLANG_WARN_NON_LITERAL_NULL_CONVERSION = YES;
				CLANG_WARN_OBJC_IMPLICIT_RETAIN_SELF = YES;
				CLANG_WARN_OBJC_LITERAL_CONVERSION = YES;
				CLANG_WARN_OBJC_ROOT_CLASS = YES_ERROR;
				CLANG_WARN_QUOTED_INCLUDE_IN_FRAMEWORK_HEADER = YES;
				CLANG_WARN_RANGE_LOOP_ANALYSIS = YES;
				CLANG_WARN_STRICT_PROTOTYPES = YES;
				CLANG_WARN_SUSPICIOUS_MOVE = YES;
				CLANG_WARN_UNGUARDED_AVAILABILITY = YES_AGGRESSIVE;
				CLANG_WARN_UNREACHABLE_CODE = YES;
				CLANG_WARN__DUPLICATE_METHOD_MATCH = YES;
				COPY_PHASE_STRIP = NO;
				DEBUG_INFORMATION_FORMAT = "dwarf-with-dsym";
				ENABLE_NS_ASSERTIONS = NO;
				ENABLE_STRICT_OBJC_MSGSEND = YES;
				ENABLE_USER_SCRIPT_SANDBOXING = YES;
				GCC_C_LANGUAGE_STANDARD = gnu17;
				GCC_NO_COMMON_BLOCKS = YES;
				GCC_WARN_64_TO_32_BIT_CONVERSION = YES;
				GCC_WARN_ABOUT_RETURN_TYPE = YES_ERROR;
				GCC_WARN_UNDECLARED_SELECTOR = YES;
				GCC_WARN_UNINITIALIZED_AUTOS = YES_AGGRESSIVE;
				GCC_WARN_UNUSED_FUNCTION = YES;
				GCC_WARN_UNUSED_VARIABLE = YES;
				LOCALIZATION_PREFERS_STRING_CATALOGS = YES;
				MACOSX_DEPLOYMENT_TARGET = 14.2;
				MTL_ENABLE_DEBUG_INFO = NO;
				MTL_FAST_MATH = YES;
				SDKROOT = macosx;
				SWIFT_COMPILATION_MODE = wholemodule;
			};
			name = Release;
		};
		D7973C932B90BA8D001EA97E /* Debug */ = {
			isa = XCBuildConfiguration;
			buildSettings = {
				CODE_SIGN_STYLE = Automatic;
				PRODUCT_NAME = "$(TARGET_NAME)";
				SWIFT_VERSION = 5.0;
			};
			name = Debug;
		};
		D7973C942B90BA8D001EA97E /* Release */ = {
			isa = XCBuildConfiguration;
			buildSettings = {
				CODE_SIGN_STYLE = Automatic;
				PRODUCT_NAME = "$(TARGET_NAME)";
				SWIFT_VERSION = 5.0;
			};
			name = Release;
		};
/* End XCBuildConfiguration section */

/* Begin XCConfigurationList section */
		D7973C862B90BA8D001EA97E /* Build configuration list for PBXProject "GSwNosql" */ = {
			isa = XCConfigurationList;
			buildConfigurations = (
				D7973C902B90BA8D001EA97E /* Debug */,
				D7973C912B90BA8D001EA97E /* Release */,
			);
			defaultConfigurationIsVisible = 0;
			defaultConfigurationName = Release;
		};
		D7973C922B90BA8D001EA97E /* Build configuration list for PBXNativeTarget "GSwNosql" */ = {
			isa = XCConfigurationList;
			buildConfigurations = (
				D7973C932B90BA8D001EA97E /* Debug */,
				D7973C942B90BA8D001EA97E /* Release */,
			);
			defaultConfigurationIsVisible = 0;
			defaultConfigurationName = Release;
		};
/* End XCConfigurationList section */

/* Begin XCRemoteSwiftPackageReference section */
		D7973C9A2B90BFD6001EA97E /* XCRemoteSwiftPackageReference "realm-swift" */ = {
			isa = XCRemoteSwiftPackageReference;
			repositoryURL = "https://github.com/realm/realm-swift.git";
			requirement = {
				branch = master;
				kind = branch;
			};
		};
/* End XCRemoteSwiftPackageReference section */

/* Begin XCSwiftPackageProductDependency section */
		D7973C9B2B90BFD6001EA97E /* Realm */ = {
			isa = XCSwiftPackageProductDependency;
			package = D7973C9A2B90BFD6001EA97E /* XCRemoteSwiftPackageReference "realm-swift" */;
			productName = Realm;
		};
		D7973C9D2B90BFD6001EA97E /* RealmSwift */ = {
			isa = XCSwiftPackageProductDependency;
			package = D7973C9A2B90BFD6001EA97E /* XCRemoteSwiftPackageReference "realm-swift" */;
			productName = RealmSwift;
		};
/* End XCSwiftPackageProductDependency section */
	};
	rootObject = D7973C832B90BA8D001EA97E /* Project object */;
}
